// !$*UTF8*$!
{
	archiveVersion = 1;
	classes = {
	};
	objectVersion = 56;
	objects = {

/* Begin PBXBuildFile section */
		F39992CE2C31D680008FE1CD /* helloWorldApp.swift in Sources */ = {isa = PBXBuildFile; fileRef = F39992CD2C31D680008FE1CD /* helloWorldApp.swift */; };
		F39992D02C31D680008FE1CD /* ContentView.swift in Sources */ = {isa = PBXBuildFile; fileRef = F39992CF2C31D680008FE1CD /* ContentView.swift */; };
		F39992D22C31D680008FE1CD /* Item.swift in Sources */ = {isa = PBXBuildFile; fileRef = F39992D12C31D680008FE1CD /* Item.swift */; };
		F39992D42C31D682008FE1CD /* Assets.xcassets in Resources */ = {isa = PBXBuildFile; fileRef = F39992D32C31D682008FE1CD /* Assets.xcassets */; };
		F39992D72C31D682008FE1CD /* Preview Assets.xcassets in Resources */ = {isa = PBXBuildFile; fileRef = F39992D62C31D682008FE1CD /* Preview Assets.xcassets */; };
		F39992E22C31D682008FE1CD /* helloWorldTests.swift in Sources */ = {isa = PBXBuildFile; fileRef = F39992E12C31D682008FE1CD /* helloWorldTests.swift */; };
		F39992EC2C31D682008FE1CD /* helloWorldUITests.swift in Sources */ = {isa = PBXBuildFile; fileRef = F39992EB2C31D682008FE1CD /* helloWorldUITests.swift */; };
		F39992EE2C31D682008FE1CD /* helloWorldUITestsLaunchTests.swift in Sources */ = {isa = PBXBuildFile; fileRef = F39992ED2C31D682008FE1CD /* helloWorldUITestsLaunchTests.swift */; };
/* End PBXBuildFile section */

/* Begin PBXContainerItemProxy section */
		F39992DE2C31D682008FE1CD /* PBXContainerItemProxy */ = {
			isa = PBXContainerItemProxy;
			containerPortal = F39992C22C31D67F008FE1CD /* Project object */;
			proxyType = 1;
			remoteGlobalIDString = F39992C92C31D67F008FE1CD;
			remoteInfo = helloWorld;
		};
		F39992E82C31D682008FE1CD /* PBXContainerItemProxy */ = {
			isa = PBXContainerItemProxy;
			containerPortal = F39992C22C31D67F008FE1CD /* Project object */;
			proxyType = 1;
			remoteGlobalIDString = F39992C92C31D67F008FE1CD;
			remoteInfo = helloWorld;
		};
/* End PBXContainerItemProxy section */

/* Begin PBXFileReference section */
		F39992CA2C31D67F008FE1CD /* helloWorld.app */ = {isa = PBXFileReference; explicitFileType = wrapper.application; includeInIndex = 0; path = helloWorld.app; sourceTree = BUILT_PRODUCTS_DIR; };
		F39992CD2C31D680008FE1CD /* helloWorldApp.swift */ = {isa = PBXFileReference; lastKnownFileType = sourcecode.swift; path = helloWorldApp.swift; sourceTree = "<group>"; };
		F39992CF2C31D680008FE1CD /* ContentView.swift */ = {isa = PBXFileReference; lastKnownFileType = sourcecode.swift; path = ContentView.swift; sourceTree = "<group>"; };
		F39992D12C31D680008FE1CD /* Item.swift */ = {isa = PBXFileReference; lastKnownFileType = sourcecode.swift; path = Item.swift; sourceTree = "<group>"; };
		F39992D32C31D682008FE1CD /* Assets.xcassets */ = {isa = PBXFileReference; lastKnownFileType = folder.assetcatalog; path = Assets.xcassets; sourceTree = "<group>"; };
		F39992D62C31D682008FE1CD /* Preview Assets.xcassets */ = {isa = PBXFileReference; lastKnownFileType = folder.assetcatalog; path = "Preview Assets.xcassets"; sourceTree = "<group>"; };
		F39992D82C31D682008FE1CD /* helloWorld.entitlements */ = {isa = PBXFileReference; lastKnownFileType = text.plist.entitlements; path = helloWorld.entitlements; sourceTree = "<group>"; };
		F39992DD2C31D682008FE1CD /* helloWorldTests.xctest */ = {isa = PBXFileReference; explicitFileType = wrapper.cfbundle; includeInIndex = 0; path = helloWorldTests.xctest; sourceTree = BUILT_PRODUCTS_DIR; };
		F39992E12C31D682008FE1CD /* helloWorldTests.swift */ = {isa = PBXFileReference; lastKnownFileType = sourcecode.swift; path = helloWorldTests.swift; sourceTree = "<group>"; };
		F39992E72C31D682008FE1CD /* helloWorldUITests.xctest */ = {isa = PBXFileReference; explicitFileType = wrapper.cfbundle; includeInIndex = 0; path = helloWorldUITests.xctest; sourceTree = BUILT_PRODUCTS_DIR; };
		F39992EB2C31D682008FE1CD /* helloWorldUITests.swift */ = {isa = PBXFileReference; lastKnownFileType = sourcecode.swift; path = helloWorldUITests.swift; sourceTree = "<group>"; };
		F39992ED2C31D682008FE1CD /* helloWorldUITestsLaunchTests.swift */ = {isa = PBXFileReference; lastKnownFileType = sourcecode.swift; path = helloWorldUITestsLaunchTests.swift; sourceTree = "<group>"; };
/* End PBXFileReference section */

/* Begin PBXFrameworksBuildPhase section */
		F39992C72C31D67F008FE1CD /* Frameworks */ = {
			isa = PBXFrameworksBuildPhase;
			buildActionMask = 2147483647;
			files = (
			);
			runOnlyForDeploymentPostprocessing = 0;
		};
		F39992DA2C31D682008FE1CD /* Frameworks */ = {
			isa = PBXFrameworksBuildPhase;
			buildActionMask = 2147483647;
			files = (
			);
			runOnlyForDeploymentPostprocessing = 0;
		};
		F39992E42C31D682008FE1CD /* Frameworks */ = {
			isa = PBXFrameworksBuildPhase;
			buildActionMask = 2147483647;
			files = (
			);
			runOnlyForDeploymentPostprocessing = 0;
		};
/* End PBXFrameworksBuildPhase section */

/* Begin PBXGroup section */
		F39992C12C31D67F008FE1CD = {
			isa = PBXGroup;
			children = (
				F39992CC2C31D67F008FE1CD /* helloWorld */,
				F39992E02C31D682008FE1CD /* helloWorldTests */,
				F39992EA2C31D682008FE1CD /* helloWorldUITests */,
				F39992CB2C31D67F008FE1CD /* Products */,
			);
			sourceTree = "<group>";
		};
		F39992CB2C31D67F008FE1CD /* Products */ = {
			isa = PBXGroup;
			children = (
				F39992CA2C31D67F008FE1CD /* helloWorld.app */,
				F39992DD2C31D682008FE1CD /* helloWorldTests.xctest */,
				F39992E72C31D682008FE1CD /* helloWorldUITests.xctest */,
			);
			name = Products;
			sourceTree = "<group>";
		};
		F39992CC2C31D67F008FE1CD /* helloWorld */ = {
			isa = PBXGroup;
			children = (
				F39992CD2C31D680008FE1CD /* helloWorldApp.swift */,
				F39992CF2C31D680008FE1CD /* ContentView.swift */,
				F39992D12C31D680008FE1CD /* Item.swift */,
				F39992D32C31D682008FE1CD /* Assets.xcassets */,
				F39992D82C31D682008FE1CD /* helloWorld.entitlements */,
				F39992D52C31D682008FE1CD /* Preview Content */,
			);
			path = helloWorld;
			sourceTree = "<group>";
		};
		F39992D52C31D682008FE1CD /* Preview Content */ = {
			isa = PBXGroup;
			children = (
				F39992D62C31D682008FE1CD /* Preview Assets.xcassets */,
			);
			path = "Preview Content";
			sourceTree = "<group>";
		};
		F39992E02C31D682008FE1CD /* helloWorldTests */ = {
			isa = PBXGroup;
			children = (
				F39992E12C31D682008FE1CD /* helloWorldTests.swift */,
			);
			path = helloWorldTests;
			sourceTree = "<group>";
		};
		F39992EA2C31D682008FE1CD /* helloWorldUITests */ = {
			isa = PBXGroup;
			children = (
				F39992EB2C31D682008FE1CD /* helloWorldUITests.swift */,
				F39992ED2C31D682008FE1CD /* helloWorldUITestsLaunchTests.swift */,
			);
			path = helloWorldUITests;
			sourceTree = "<group>";
		};
/* End PBXGroup section */

/* Begin PBXNativeTarget section */
		F39992C92C31D67F008FE1CD /* helloWorld */ = {
			isa = PBXNativeTarget;
			buildConfigurationList = F39992F12C31D682008FE1CD /* Build configuration list for PBXNativeTarget "helloWorld" */;
			buildPhases = (
				F39992C62C31D67F008FE1CD /* Sources */,
				F39992C72C31D67F008FE1CD /* Frameworks */,
				F39992C82C31D67F008FE1CD /* Resources */,
			);
			buildRules = (
			);
			dependencies = (
			);
			name = helloWorld;
			productName = helloWorld;
			productReference = F39992CA2C31D67F008FE1CD /* helloWorld.app */;
			productType = "com.apple.product-type.application";
		};
		F39992DC2C31D682008FE1CD /* helloWorldTests */ = {
			isa = PBXNativeTarget;
			buildConfigurationList = F39992F42C31D682008FE1CD /* Build configuration list for PBXNativeTarget "helloWorldTests" */;
			buildPhases = (
				F39992D92C31D682008FE1CD /* Sources */,
				F39992DA2C31D682008FE1CD /* Frameworks */,
				F39992DB2C31D682008FE1CD /* Resources */,
			);
			buildRules = (
			);
			dependencies = (
				F39992DF2C31D682008FE1CD /* PBXTargetDependency */,
			);
			name = helloWorldTests;
			productName = helloWorldTests;
			productReference = F39992DD2C31D682008FE1CD /* helloWorldTests.xctest */;
			productType = "com.apple.product-type.bundle.unit-test";
		};
		F39992E62C31D682008FE1CD /* helloWorldUITests */ = {
			isa = PBXNativeTarget;
			buildConfigurationList = F39992F72C31D682008FE1CD /* Build configuration list for PBXNativeTarget "helloWorldUITests" */;
			buildPhases = (
				F39992E32C31D682008FE1CD /* Sources */,
				F39992E42C31D682008FE1CD /* Frameworks */,
				F39992E52C31D682008FE1CD /* Resources */,
			);
			buildRules = (
			);
			dependencies = (
				F39992E92C31D682008FE1CD /* PBXTargetDependency */,
			);
			name = helloWorldUITests;
			productName = helloWorldUITests;
			productReference = F39992E72C31D682008FE1CD /* helloWorldUITests.xctest */;
			productType = "com.apple.product-type.bundle.ui-testing";
		};
/* End PBXNativeTarget section */

/* Begin PBXProject section */
		F39992C22C31D67F008FE1CD /* Project object */ = {
			isa = PBXProject;
			attributes = {
				BuildIndependentTargetsInParallel = 1;
				LastSwiftUpdateCheck = 1540;
				LastUpgradeCheck = 1540;
				TargetAttributes = {
					F39992C92C31D67F008FE1CD = {
						CreatedOnToolsVersion = 15.4;
					};
					F39992DC2C31D682008FE1CD = {
						CreatedOnToolsVersion = 15.4;
						TestTargetID = F39992C92C31D67F008FE1CD;
					};
					F39992E62C31D682008FE1CD = {
						CreatedOnToolsVersion = 15.4;
						TestTargetID = F39992C92C31D67F008FE1CD;
					};
				};
			};
			buildConfigurationList = F39992C52C31D67F008FE1CD /* Build configuration list for PBXProject "helloWorld" */;
			compatibilityVersion = "Xcode 14.0";
			developmentRegion = en;
			hasScannedForEncodings = 0;
			knownRegions = (
				en,
				Base,
			);
			mainGroup = F39992C12C31D67F008FE1CD;
			productRefGroup = F39992CB2C31D67F008FE1CD /* Products */;
			projectDirPath = "";
			projectRoot = "";
			targets = (
				F39992C92C31D67F008FE1CD /* helloWorld */,
				F39992DC2C31D682008FE1CD /* helloWorldTests */,
				F39992E62C31D682008FE1CD /* helloWorldUITests */,
			);
		};
/* End PBXProject section */

/* Begin PBXResourcesBuildPhase section */
		F39992C82C31D67F008FE1CD /* Resources */ = {
			isa = PBXResourcesBuildPhase;
			buildActionMask = 2147483647;
			files = (
				F39992D72C31D682008FE1CD /* Preview Assets.xcassets in Resources */,
				F39992D42C31D682008FE1CD /* Assets.xcassets in Resources */,
			);
			runOnlyForDeploymentPostprocessing = 0;
		};
		F39992DB2C31D682008FE1CD /* Resources */ = {
			isa = PBXResourcesBuildPhase;
			buildActionMask = 2147483647;
			files = (
			);
			runOnlyForDeploymentPostprocessing = 0;
		};
		F39992E52C31D682008FE1CD /* Resources */ = {
			isa = PBXResourcesBuildPhase;
			buildActionMask = 2147483647;
			files = (
			);
			runOnlyForDeploymentPostprocessing = 0;
		};
/* End PBXResourcesBuildPhase section */

/* Begin PBXSourcesBuildPhase section */
		F39992C62C31D67F008FE1CD /* Sources */ = {
			isa = PBXSourcesBuildPhase;
			buildActionMask = 2147483647;
			files = (
				F39992D02C31D680008FE1CD /* ContentView.swift in Sources */,
				F39992D22C31D680008FE1CD /* Item.swift in Sources */,
				F39992CE2C31D680008FE1CD /* helloWorldApp.swift in Sources */,
			);
			runOnlyForDeploymentPostprocessing = 0;
		};
		F39992D92C31D682008FE1CD /* Sources */ = {
			isa = PBXSourcesBuildPhase;
			buildActionMask = 2147483647;
			files = (
				F39992E22C31D682008FE1CD /* helloWorldTests.swift in Sources */,
			);
			runOnlyForDeploymentPostprocessing = 0;
		};
		F39992E32C31D682008FE1CD /* Sources */ = {
			isa = PBXSourcesBuildPhase;
			buildActionMask = 2147483647;
			files = (
				F39992EE2C31D682008FE1CD /* helloWorldUITestsLaunchTests.swift in Sources */,
				F39992EC2C31D682008FE1CD /* helloWorldUITests.swift in Sources */,
			);
			runOnlyForDeploymentPostprocessing = 0;
		};
/* End PBXSourcesBuildPhase section */

/* Begin PBXTargetDependency section */
		F39992DF2C31D682008FE1CD /* PBXTargetDependency */ = {
			isa = PBXTargetDependency;
			target = F39992C92C31D67F008FE1CD /* helloWorld */;
			targetProxy = F39992DE2C31D682008FE1CD /* PBXContainerItemProxy */;
		};
		F39992E92C31D682008FE1CD /* PBXTargetDependency */ = {
			isa = PBXTargetDependency;
			target = F39992C92C31D67F008FE1CD /* helloWorld */;
			targetProxy = F39992E82C31D682008FE1CD /* PBXContainerItemProxy */;
		};
/* End PBXTargetDependency section */

/* Begin XCBuildConfiguration section */
		F39992EF2C31D682008FE1CD /* Debug */ = {
			isa = XCBuildConfiguration;
			buildSettings = {
				ALWAYS_SEARCH_USER_PATHS = NO;
				ASSETCATALOG_COMPILER_GENERATE_SWIFT_ASSET_SYMBOL_EXTENSIONS = YES;
				CLANG_ANALYZER_NONNULL = YES;
				CLANG_ANALYZER_NUMBER_OBJECT_CONVERSION = YES_AGGRESSIVE;
				CLANG_CXX_LANGUAGE_STANDARD = "gnu++20";
				CLANG_ENABLE_MODULES = YES;
				CLANG_ENABLE_OBJC_ARC = YES;
				CLANG_ENABLE_OBJC_WEAK = YES;
				CLANG_WARN_BLOCK_CAPTURE_AUTORELEASING = YES;
				CLANG_WARN_BOOL_CONVERSION = YES;
				CLANG_WARN_COMMA = YES;
				CLANG_WARN_CONSTANT_CONVERSION = YES;
				CLANG_WARN_DEPRECATED_OBJC_IMPLEMENTATIONS = YES;
				CLANG_WARN_DIRECT_OBJC_ISA_USAGE = YES_ERROR;
				CLANG_WARN_DOCUMENTATION_COMMENTS = YES;
				CLANG_WARN_EMPTY_BODY = YES;
				CLANG_WARN_ENUM_CONVERSION = YES;
				CLANG_WARN_INFINITE_RECURSION = YES;
				CLANG_WARN_INT_CONVERSION = YES;
				CLANG_WARN_NON_LITERAL_NULL_CONVERSION = YES;
				CLANG_WARN_OBJC_IMPLICIT_RETAIN_SELF = YES;
				CLANG_WARN_OBJC_LITERAL_CONVERSION = YES;
				CLANG_WARN_OBJC_ROOT_CLASS = YES_ERROR;
				CLANG_WARN_QUOTED_INCLUDE_IN_FRAMEWORK_HEADER = YES;
				CLANG_WARN_RANGE_LOOP_ANALYSIS = YES;
				CLANG_WARN_STRICT_PROTOTYPES = YES;
				CLANG_WARN_SUSPICIOUS_MOVE = YES;
				CLANG_WARN_UNGUARDED_AVAILABILITY = YES_AGGRESSIVE;
				CLANG_WARN_UNREACHABLE_CODE = YES;
				CLANG_WARN__DUPLICATE_METHOD_MATCH = YES;
				COPY_PHASE_STRIP = NO;
				DEBUG_INFORMATION_FORMAT = dwarf;
				ENABLE_STRICT_OBJC_MSGSEND = YES;
				ENABLE_TESTABILITY = YES;
				ENABLE_USER_SCRIPT_SANDBOXING = YES;
				GCC_C_LANGUAGE_STANDARD = gnu17;
				GCC_DYNAMIC_NO_PIC = NO;
				GCC_NO_COMMON_BLOCKS = YES;
				GCC_OPTIMIZATION_LEVEL = 0;
				GCC_PREPROCESSOR_DEFINITIONS = (
					"DEBUG=1",
					"$(inherited)",
				);
				GCC_WARN_64_TO_32_BIT_CONVERSION = YES;
				GCC_WARN_ABOUT_RETURN_TYPE = YES_ERROR;
				GCC_WARN_UNDECLARED_SELECTOR = YES;
				GCC_WARN_UNINITIALIZED_AUTOS = YES_AGGRESSIVE;
				GCC_WARN_UNUSED_FUNCTION = YES;
				GCC_WARN_UNUSED_VARIABLE = YES;
				LOCALIZATION_PREFERS_STRING_CATALOGS = YES;
				MACOSX_DEPLOYMENT_TARGET = 14.5;
				MTL_ENABLE_DEBUG_INFO = INCLUDE_SOURCE;
				MTL_FAST_MATH = YES;
				ONLY_ACTIVE_ARCH = YES;
				SDKROOT = macosx;
				SWIFT_ACTIVE_COMPILATION_CONDITIONS = "DEBUG $(inherited)";
				SWIFT_OPTIMIZATION_LEVEL = "-Onone";
			};
			name = Debug;
		};
		F39992F02C31D682008FE1CD /* Release */ = {
			isa = XCBuildConfiguration;
			buildSettings = {
				ALWAYS_SEARCH_USER_PATHS = NO;
				ASSETCATALOG_COMPILER_GENERATE_SWIFT_ASSET_SYMBOL_EXTENSIONS = YES;
				CLANG_ANALYZER_NONNULL = YES;
				CLANG_ANALYZER_NUMBER_OBJECT_CONVERSION = YES_AGGRESSIVE;
				CLANG_CXX_LANGUAGE_STANDARD = "gnu++20";
				CLANG_ENABLE_MODULES = YES;
				CLANG_ENABLE_OBJC_ARC = YES;
				CLANG_ENABLE_OBJC_WEAK = YES;
				CLANG_WARN_BLOCK_CAPTURE_AUTORELEASING = YES;
				CLANG_WARN_BOOL_CONVERSION = YES;
				CLANG_WARN_COMMA = YES;
				CLANG_WARN_CONSTANT_CONVERSION = YES;
				CLANG_WARN_DEPRECATED_OBJC_IMPLEMENTATIONS = YES;
				CLANG_WARN_DIRECT_OBJC_ISA_USAGE = YES_ERROR;
				CLANG_WARN_DOCUMENTATION_COMMENTS = YES;
				CLANG_WARN_EMPTY_BODY = YES;
				CLANG_WARN_ENUM_CONVERSION = YES;
				CLANG_WARN_INFINITE_RECURSION = YES;
				CLANG_WARN_INT_CONVERSION = YES;
				CLANG_WARN_NON_LITERAL_NULL_CONVERSION = YES;
				CLANG_WARN_OBJC_IMPLICIT_RETAIN_SELF = YES;
				CLANG_WARN_OBJC_LITERAL_CONVERSION = YES;
				CLANG_WARN_OBJC_ROOT_CLASS = YES_ERROR;
				CLANG_WARN_QUOTED_INCLUDE_IN_FRAMEWORK_HEADER = YES;
				CLANG_WARN_RANGE_LOOP_ANALYSIS = YES;
				CLANG_WARN_STRICT_PROTOTYPES = YES;
				CLANG_WARN_SUSPICIOUS_MOVE = YES;
				CLANG_WARN_UNGUARDED_AVAILABILITY = YES_AGGRESSIVE;
				CLANG_WARN_UNREACHABLE_CODE = YES;
				CLANG_WARN__DUPLICATE_METHOD_MATCH = YES;
				COPY_PHASE_STRIP = NO;
				DEBUG_INFORMATION_FORMAT = "dwarf-with-dsym";
				ENABLE_NS_ASSERTIONS = NO;
				ENABLE_STRICT_OBJC_MSGSEND = YES;
				ENABLE_USER_SCRIPT_SANDBOXING = YES;
				GCC_C_LANGUAGE_STANDARD = gnu17;
				GCC_NO_COMMON_BLOCKS = YES;
				GCC_WARN_64_TO_32_BIT_CONVERSION = YES;
				GCC_WARN_ABOUT_RETURN_TYPE = YES_ERROR;
				GCC_WARN_UNDECLARED_SELECTOR = YES;
				GCC_WARN_UNINITIALIZED_AUTOS = YES_AGGRESSIVE;
				GCC_WARN_UNUSED_FUNCTION = YES;
				GCC_WARN_UNUSED_VARIABLE = YES;
				LOCALIZATION_PREFERS_STRING_CATALOGS = YES;
				MACOSX_DEPLOYMENT_TARGET = 14.5;
				MTL_ENABLE_DEBUG_INFO = NO;
				MTL_FAST_MATH = YES;
				SDKROOT = macosx;
				SWIFT_COMPILATION_MODE = wholemodule;
			};
			name = Release;
		};
		F39992F22C31D682008FE1CD /* Debug */ = {
			isa = XCBuildConfiguration;
			buildSettings = {
				ASSETCATALOG_COMPILER_APPICON_NAME = AppIcon;
				ASSETCATALOG_COMPILER_GLOBAL_ACCENT_COLOR_NAME = AccentColor;
				CODE_SIGN_ENTITLEMENTS = helloWorld/helloWorld.entitlements;
				CODE_SIGN_STYLE = Automatic;
				COMBINE_HIDPI_IMAGES = YES;
				CURRENT_PROJECT_VERSION = 1;
				DEVELOPMENT_ASSET_PATHS = "\"helloWorld/Preview Content\"";
				ENABLE_PREVIEWS = YES;
				GENERATE_INFOPLIST_FILE = YES;
				INFOPLIST_KEY_NSHumanReadableCopyright = "";
				LD_RUNPATH_SEARCH_PATHS = (
					"$(inherited)",
					"@executable_path/../Frameworks",
				);
				MACOSX_DEPLOYMENT_TARGET = 14.0;
				MARKETING_VERSION = 1.0;
				PRODUCT_BUNDLE_IDENTIFIER = snufle.helloWorld;
				PRODUCT_NAME = "$(TARGET_NAME)";
				SWIFT_EMIT_LOC_STRINGS = YES;
				SWIFT_VERSION = 5.0;
			};
			name = Debug;
		};
		F39992F32C31D682008FE1CD /* Release */ = {
			isa = XCBuildConfiguration;
			buildSettings = {
				ASSETCATALOG_COMPILER_APPICON_NAME = AppIcon;
				ASSETCATALOG_COMPILER_GLOBAL_ACCENT_COLOR_NAME = AccentColor;
				CODE_SIGN_ENTITLEMENTS = helloWorld/helloWorld.entitlements;
				CODE_SIGN_STYLE = Automatic;
				COMBINE_HIDPI_IMAGES = YES;
				CURRENT_PROJECT_VERSION = 1;
				DEVELOPMENT_ASSET_PATHS = "\"helloWorld/Preview Content\"";
				ENABLE_PREVIEWS = YES;
				GENERATE_INFOPLIST_FILE = YES;
				INFOPLIST_KEY_NSHumanReadableCopyright = "";
				LD_RUNPATH_SEARCH_PATHS = (
					"$(inherited)",
					"@executable_path/../Frameworks",
				);
				MACOSX_DEPLOYMENT_TARGET = 14.0;
				MARKETING_VERSION = 1.0;
				PRODUCT_BUNDLE_IDENTIFIER = snufle.helloWorld;
				PRODUCT_NAME = "$(TARGET_NAME)";
				SWIFT_EMIT_LOC_STRINGS = YES;
				SWIFT_VERSION = 5.0;
			};
			name = Release;
		};
		F39992F52C31D682008FE1CD /* Debug */ = {
			isa = XCBuildConfiguration;
			buildSettings = {
				ALWAYS_EMBED_SWIFT_STANDARD_LIBRARIES = YES;
				BUNDLE_LOADER = "$(TEST_HOST)";
				CODE_SIGN_STYLE = Automatic;
				CURRENT_PROJECT_VERSION = 1;
				GENERATE_INFOPLIST_FILE = YES;
				MACOSX_DEPLOYMENT_TARGET = 14.0;
				MARKETING_VERSION = 1.0;
				PRODUCT_BUNDLE_IDENTIFIER = snufle.helloWorldTests;
				PRODUCT_NAME = "$(TARGET_NAME)";
				SWIFT_EMIT_LOC_STRINGS = NO;
				SWIFT_VERSION = 5.0;
				TEST_HOST = "$(BUILT_PRODUCTS_DIR)/helloWorld.app/$(BUNDLE_EXECUTABLE_FOLDER_PATH)/helloWorld";
			};
			name = Debug;
		};
		F39992F62C31D682008FE1CD /* Release */ = {
			isa = XCBuildConfiguration;
			buildSettings = {
				ALWAYS_EMBED_SWIFT_STANDARD_LIBRARIES = YES;
				BUNDLE_LOADER = "$(TEST_HOST)";
				CODE_SIGN_STYLE = Automatic;
				CURRENT_PROJECT_VERSION = 1;
				GENERATE_INFOPLIST_FILE = YES;
				MACOSX_DEPLOYMENT_TARGET = 14.0;
				MARKETING_VERSION = 1.0;
				PRODUCT_BUNDLE_IDENTIFIER = snufle.helloWorldTests;
				PRODUCT_NAME = "$(TARGET_NAME)";
				SWIFT_EMIT_LOC_STRINGS = NO;
				SWIFT_VERSION = 5.0;
				TEST_HOST = "$(BUILT_PRODUCTS_DIR)/helloWorld.app/$(BUNDLE_EXECUTABLE_FOLDER_PATH)/helloWorld";
			};
			name = Release;
		};
		F39992F82C31D682008FE1CD /* Debug */ = {
			isa = XCBuildConfiguration;
			buildSettings = {
				ALWAYS_EMBED_SWIFT_STANDARD_LIBRARIES = YES;
				CODE_SIGN_STYLE = Automatic;
				CURRENT_PROJECT_VERSION = 1;
				GENERATE_INFOPLIST_FILE = YES;
				MARKETING_VERSION = 1.0;
				PRODUCT_BUNDLE_IDENTIFIER = snufle.helloWorldUITests;
				PRODUCT_NAME = "$(TARGET_NAME)";
				SWIFT_EMIT_LOC_STRINGS = NO;
				SWIFT_VERSION = 5.0;
				TEST_TARGET_NAME = helloWorld;
			};
			name = Debug;
		};
		F39992F92C31D682008FE1CD /* Release */ = {
			isa = XCBuildConfiguration;
			buildSettings = {
				ALWAYS_EMBED_SWIFT_STANDARD_LIBRARIES = YES;
				CODE_SIGN_STYLE = Automatic;
				CURRENT_PROJECT_VERSION = 1;
				GENERATE_INFOPLIST_FILE = YES;
				MARKETING_VERSION = 1.0;
				PRODUCT_BUNDLE_IDENTIFIER = snufle.helloWorldUITests;
				PRODUCT_NAME = "$(TARGET_NAME)";
				SWIFT_EMIT_LOC_STRINGS = NO;
				SWIFT_VERSION = 5.0;
				TEST_TARGET_NAME = helloWorld;
			};
			name = Release;
		};
/* End XCBuildConfiguration section */

/* Begin XCConfigurationList section */
		F39992C52C31D67F008FE1CD /* Build configuration list for PBXProject "helloWorld" */ = {
			isa = XCConfigurationList;
			buildConfigurations = (
				F39992EF2C31D682008FE1CD /* Debug */,
				F39992F02C31D682008FE1CD /* Release */,
			);
			defaultConfigurationIsVisible = 0;
			defaultConfigurationName = Release;
		};
		F39992F12C31D682008FE1CD /* Build configuration list for PBXNativeTarget "helloWorld" */ = {
			isa = XCConfigurationList;
			buildConfigurations = (
				F39992F22C31D682008FE1CD /* Debug */,
				F39992F32C31D682008FE1CD /* Release */,
			);
			defaultConfigurationIsVisible = 0;
			defaultConfigurationName = Release;
		};
		F39992F42C31D682008FE1CD /* Build configuration list for PBXNativeTarget "helloWorldTests" */ = {
			isa = XCConfigurationList;
			buildConfigurations = (
				F39992F52C31D682008FE1CD /* Debug */,
				F39992F62C31D682008FE1CD /* Release */,
			);
			defaultConfigurationIsVisible = 0;
			defaultConfigurationName = Release;
		};
		F39992F72C31D682008FE1CD /* Build configuration list for PBXNativeTarget "helloWorldUITests" */ = {
			isa = XCConfigurationList;
			buildConfigurations = (
				F39992F82C31D682008FE1CD /* Debug */,
				F39992F92C31D682008FE1CD /* Release */,
			);
			defaultConfigurationIsVisible = 0;
			defaultConfigurationName = Release;
		};
/* End XCConfigurationList section */
	};
	rootObject = F39992C22C31D67F008FE1CD /* Project object */;
}
